
Microsoft Visual Studio Solution File, Format Version 12.00
# Visual Studio Version 16
VisualStudioVersion = 16.0.30320.27
MinimumVisualStudioVersion = 10.0.40219.1
Project("{FAE04EC0-301F-11D3-BF4B-00C04F79EFBC}") = "Bootstrap_2", "Bootstrap_2\Bootstrap_2.csproj", "{0B58F7B8-2986-466F-A47B-83165F3393BD}"
EndProject
Global
	GlobalSection(SolutionConfigurationPlatforms) = preSolution
		Debug|Any CPU = Debug|Any CPU
		Release|Any CPU = Release|Any CPU
	EndGlobalSection
	GlobalSection(ProjectConfigurationPlatforms) = postSolution
		{0B58F7B8-2986-466F-A47B-83165F3393BD}.Debug|Any CPU.ActiveCfg = Debug|Any CPU
		{0B58F7B8-2986-466F-A47B-83165F3393BD}.Debug|Any CPU.Build.0 = Debug|Any CPU
		{0B58F7B8-2986-466F-A47B-83165F3393BD}.Release|Any CPU.ActiveCfg = Release|Any CPU
		{0B58F7B8-2986-466F-A47B-83165F3393BD}.Release|Any CPU.Build.0 = Release|Any CPU
	EndGlobalSection
	GlobalSection(SolutionProperties) = preSolution
		HideSolutionNode = FALSE
	EndGlobalSection
	GlobalSection(ExtensibilityGlobals) = postSolution
		SolutionGuid = {363D722F-AC0E-47E9-BA5E-F6B288825E5C}
	EndGlobalSection
EndGlobal
